
Microsoft Visual Studio Solution File, Format Version 12.00
# Visual Studio Version 16
VisualStudioVersion = 16.0.31729.503
MinimumVisualStudioVersion = 10.0.40219.1
Project("{C7167F0D-BC9F-4E6E-AFE1-012C56B48DB5}") = "Countdown (Package)", "Countdown\Countdown (Package)\Countdown (Package).wapproj", "{FBDC53FA-4515-4F28-8146-D7E39B3C4604}"
EndProject
Project("{9A19103F-16F7-4668-BE54-9A1E7A4F7556}") = "Countdown", "Countdown\Countdown\Countdown.csproj", "{84E7CC44-9EC5-4088-88BF-7CFE7591D29B}"
EndProject
Project("{9A19103F-16F7-4668-BE54-9A1E7A4F7556}") = "WordListUtility", "WordListUtility\WordListUtility.csproj", "{DD7D1EB0-141E-45FE-B2B1-3CC507C0F3B6}"
EndProject
Global
	GlobalSection(SolutionConfigurationPlatforms) = preSolution
		Debug|Any CPU = Debug|Any CPU
		Debug|x64 = Debug|x64
		Debug|x86 = Debug|x86
		Release|Any CPU = Release|Any CPU
		Release|x64 = Release|x64
		Release|x86 = Release|x86
	EndGlobalSection
	GlobalSection(ProjectConfigurationPlatforms) = postSolution
		{FBDC53FA-4515-4F28-8146-D7E39B3C4604}.Debug|Any CPU.ActiveCfg = Debug|x86
		{FBDC53FA-4515-4F28-8146-D7E39B3C4604}.Debug|x64.ActiveCfg = Debug|x64
		{FBDC53FA-4515-4F28-8146-D7E39B3C4604}.Debug|x64.Build.0 = Debug|x64
		{FBDC53FA-4515-4F28-8146-D7E39B3C4604}.Debug|x64.Deploy.0 = Debug|x64
		{FBDC53FA-4515-4F28-8146-D7E39B3C4604}.Debug|x86.ActiveCfg = Debug|x86
		{FBDC53FA-4515-4F28-8146-D7E39B3C4604}.Debug|x86.Build.0 = Debug|x86
		{FBDC53FA-4515-4F28-8146-D7E39B3C4604}.Debug|x86.Deploy.0 = Debug|x86
		{FBDC53FA-4515-4F28-8146-D7E39B3C4604}.Release|Any CPU.ActiveCfg = Release|x86
		{FBDC53FA-4515-4F28-8146-D7E39B3C4604}.Release|x64.ActiveCfg = Release|x64
		{FBDC53FA-4515-4F28-8146-D7E39B3C4604}.Release|x64.Build.0 = Release|x64
		{FBDC53FA-4515-4F28-8146-D7E39B3C4604}.Release|x64.Deploy.0 = Release|x64
		{FBDC53FA-4515-4F28-8146-D7E39B3C4604}.Release|x86.ActiveCfg = Release|x86
		{FBDC53FA-4515-4F28-8146-D7E39B3C4604}.Release|x86.Build.0 = Release|x86
		{FBDC53FA-4515-4F28-8146-D7E39B3C4604}.Release|x86.Deploy.0 = Release|x86
		{84E7CC44-9EC5-4088-88BF-7CFE7591D29B}.Debug|Any CPU.ActiveCfg = Debug|x86
		{84E7CC44-9EC5-4088-88BF-7CFE7591D29B}.Debug|x64.ActiveCfg = Debug|x64
		{84E7CC44-9EC5-4088-88BF-7CFE7591D29B}.Debug|x64.Build.0 = Debug|x64
		{84E7CC44-9EC5-4088-88BF-7CFE7591D29B}.Debug|x86.ActiveCfg = Debug|x86
		{84E7CC44-9EC5-4088-88BF-7CFE7591D29B}.Debug|x86.Build.0 = Debug|x86
		{84E7CC44-9EC5-4088-88BF-7CFE7591D29B}.Release|Any CPU.ActiveCfg = Release|x86
		{84E7CC44-9EC5-4088-88BF-7CFE7591D29B}.Release|x64.ActiveCfg = Release|x64
		{84E7CC44-9EC5-4088-88BF-7CFE7591D29B}.Release|x64.Build.0 = Release|x64
		{84E7CC44-9EC5-4088-88BF-7CFE7591D29B}.Release|x86.ActiveCfg = Release|x86
		{84E7CC44-9EC5-4088-88BF-7CFE7591D29B}.Release|x86.Build.0 = Release|x86
		{DD7D1EB0-141E-45FE-B2B1-3CC507C0F3B6}.Debug|Any CPU.ActiveCfg = Debug|Any CPU
		{DD7D1EB0-141E-45FE-B2B1-3CC507C0F3B6}.Debug|Any CPU.Build.0 = Debug|Any CPU
		{DD7D1EB0-141E-45FE-B2B1-3CC507C0F3B6}.Debug|x64.ActiveCfg = Debug|Any CPU
		{DD7D1EB0-141E-45FE-B2B1-3CC507C0F3B6}.Debug|x64.Build.0 = Debug|Any CPU
		{DD7D1EB0-141E-45FE-B2B1-3CC507C0F3B6}.Debug|x86.ActiveCfg = Debug|Any CPU
		{DD7D1EB0-141E-45FE-B2B1-3CC507C0F3B6}.Debug|x86.Build.0 = Debug|Any CPU
		{DD7D1EB0-141E-45FE-B2B1-3CC507C0F3B6}.Release|Any CPU.ActiveCfg = Release|Any CPU
		{DD7D1EB0-141E-45FE-B2B1-3CC507C0F3B6}.Release|Any CPU.Build.0 = Release|Any CPU
		{DD7D1EB0-141E-45FE-B2B1-3CC507C0F3B6}.Release|x64.ActiveCfg = Release|Any CPU
		{DD7D1EB0-141E-45FE-B2B1-3CC507C0F3B6}.Release|x64.Build.0 = Release|Any CPU
		{DD7D1EB0-141E-45FE-B2B1-3CC507C0F3B6}.Release|x86.ActiveCfg = Release|Any CPU
		{DD7D1EB0-141E-45FE-B2B1-3CC507C0F3B6}.Release|x86.Build.0 = Release|Any CPU
	EndGlobalSection
	GlobalSection(SolutionProperties) = preSolution
		HideSolutionNode = FALSE
	EndGlobalSection
	GlobalSection(ExtensibilityGlobals) = postSolution
		SolutionGuid = {523A84E9-CE47-4C45-A2AD-093DE401ECC2}
	EndGlobalSection
EndGlobal
