
Microsoft Visual Studio Solution File, Format Version 12.00
# Visual Studio Version 16
VisualStudioVersion = 16.0.29411.108
MinimumVisualStudioVersion = 10.0.40219.1
Project("{9A19103F-16F7-4668-BE54-9A1E7A4F7556}") = "WordListUtility", "WordListUtility\WordListUtility.csproj", "{19C08A98-AC19-4BC5-91D8-9EFEFFEFFAA7}"
EndProject
Project("{9A19103F-16F7-4668-BE54-9A1E7A4F7556}") = "UnitTests", "UnitTests\UnitTests.csproj", "{8A591A12-A2E7-4DC5-BBC3-8D916F5F310E}"
EndProject
Project("{9A19103F-16F7-4668-BE54-9A1E7A4F7556}") = "Countdown", "Countdown\Countdown.csproj", "{882E9A3C-DCC5-4087-921A-BE5BAB583429}"
	ProjectSection(ProjectDependencies) = postProject
		{19C08A98-AC19-4BC5-91D8-9EFEFFEFFAA7} = {19C08A98-AC19-4BC5-91D8-9EFEFFEFFAA7}
	EndProjectSection
EndProject
Global
	GlobalSection(SolutionConfigurationPlatforms) = preSolution
		Debug|Any CPU = Debug|Any CPU
		Release|Any CPU = Release|Any CPU
	EndGlobalSection
	GlobalSection(ProjectConfigurationPlatforms) = postSolution
		{19C08A98-AC19-4BC5-91D8-9EFEFFEFFAA7}.Debug|Any CPU.ActiveCfg = Debug|Any CPU
		{19C08A98-AC19-4BC5-91D8-9EFEFFEFFAA7}.Debug|Any CPU.Build.0 = Debug|Any CPU
		{19C08A98-AC19-4BC5-91D8-9EFEFFEFFAA7}.Release|Any CPU.ActiveCfg = Release|Any CPU
		{19C08A98-AC19-4BC5-91D8-9EFEFFEFFAA7}.Release|Any CPU.Build.0 = Release|Any CPU
		{8A591A12-A2E7-4DC5-BBC3-8D916F5F310E}.Debug|Any CPU.ActiveCfg = Debug|Any CPU
		{8A591A12-A2E7-4DC5-BBC3-8D916F5F310E}.Debug|Any CPU.Build.0 = Debug|Any CPU
		{8A591A12-A2E7-4DC5-BBC3-8D916F5F310E}.Release|Any CPU.ActiveCfg = Release|Any CPU
		{8A591A12-A2E7-4DC5-BBC3-8D916F5F310E}.Release|Any CPU.Build.0 = Release|Any CPU
		{882E9A3C-DCC5-4087-921A-BE5BAB583429}.Debug|Any CPU.ActiveCfg = Debug|Any CPU
		{882E9A3C-DCC5-4087-921A-BE5BAB583429}.Debug|Any CPU.Build.0 = Debug|Any CPU
		{882E9A3C-DCC5-4087-921A-BE5BAB583429}.Release|Any CPU.ActiveCfg = Release|Any CPU
		{882E9A3C-DCC5-4087-921A-BE5BAB583429}.Release|Any CPU.Build.0 = Release|Any CPU
	EndGlobalSection
	GlobalSection(SolutionProperties) = preSolution
		HideSolutionNode = FALSE
	EndGlobalSection
	GlobalSection(ExtensibilityGlobals) = postSolution
		SolutionGuid = {24505531-02F6-4B26-8007-4C1C91712071}
	EndGlobalSection
EndGlobal
